
Microsoft Visual Studio Solution File, Format Version 12.00
# Visual Studio Version 17
VisualStudioVersion = 17.6.33723.286
MinimumVisualStudioVersion = 10.0.40219.1
Project("{FAE04EC0-301F-11D3-BF4B-00C04F79EFBC}") = "ImportExcel", "ImportExcel\ImportExcel.csproj", "{22828FCB-73F8-415E-9803-2C90A0C82BF0}"
EndProject
Global
	GlobalSection(SolutionConfigurationPlatforms) = preSolution
		Debug|Any CPU = Debug|Any CPU
		Release|Any CPU = Release|Any CPU
	EndGlobalSection
	GlobalSection(ProjectConfigurationPlatforms) = postSolution
		{22828FCB-73F8-415E-9803-2C90A0C82BF0}.Debug|Any CPU.ActiveCfg = Debug|Any CPU
		{22828FCB-73F8-415E-9803-2C90A0C82BF0}.Debug|Any CPU.Build.0 = Debug|Any CPU
		{22828FCB-73F8-415E-9803-2C90A0C82BF0}.Release|Any CPU.ActiveCfg = Release|Any CPU
		{22828FCB-73F8-415E-9803-2C90A0C82BF0}.Release|Any CPU.Build.0 = Release|Any CPU
	EndGlobalSection
	GlobalSection(SolutionProperties) = preSolution
		HideSolutionNode = FALSE
	EndGlobalSection
	GlobalSection(ExtensibilityGlobals) = postSolution
		SolutionGuid = {517C3BB6-F9E8-4DC7-B29F-B62A27981163}
	EndGlobalSection
EndGlobal
